// !$*UTF8*$!
{
	archiveVersion = 1;
	classes = {
	};
	objectVersion = 46;
	objects = {

/* Begin PBXBuildFile section */
		8165A6B31DD4D60A00B3E3A2 /* AppDelegate.swift in Sources */ = {isa = PBXBuildFile; fileRef = 8165A6B21DD4D60A00B3E3A2 /* AppDelegate.swift */; };
		8165A6B81DD4D60A00B3E3A2 /* Main.storyboard in Resources */ = {isa = PBXBuildFile; fileRef = 8165A6B61DD4D60A00B3E3A2 /* Main.storyboard */; };
		8165A6BA1DD4D60A00B3E3A2 /* Assets.xcassets in Resources */ = {isa = PBXBuildFile; fileRef = 8165A6B91DD4D60A00B3E3A2 /* Assets.xcassets */; };
		8165A6BD1DD4D60A00B3E3A2 /* LaunchScreen.storyboard in Resources */ = {isa = PBXBuildFile; fileRef = 8165A6BB1DD4D60A00B3E3A2 /* LaunchScreen.storyboard */; };
		8165A6C51DD4D69F00B3E3A2 /* MuseumInfoTableViewController.swift in Sources */ = {isa = PBXBuildFile; fileRef = 8165A6C41DD4D69F00B3E3A2 /* MuseumInfoTableViewController.swift */; };
		8165A6C71DD4D6DA00B3E3A2 /* APIManager.swift in Sources */ = {isa = PBXBuildFile; fileRef = 8165A6C61DD4D6DA00B3E3A2 /* APIManager.swift */; };
		8165A6C91DD4D9B400B3E3A2 /* MuseumObject.swift in Sources */ = {isa = PBXBuildFile; fileRef = 8165A6C81DD4D9B400B3E3A2 /* MuseumObject.swift */; };
		816ED6751DD4EA6C00FB3D7A /* DetailViewController.swift in Sources */ = {isa = PBXBuildFile; fileRef = 816ED6741DD4EA6C00FB3D7A /* DetailViewController.swift */; };
		816ED6771DD4EF7500FB3D7A /* Description.swift in Sources */ = {isa = PBXBuildFile; fileRef = 816ED6761DD4EF7500FB3D7A /* Description.swift */; };
/* End PBXBuildFile section */

/* Begin PBXFileReference section */
		8165A6AF1DD4D60A00B3E3A2 /* Unit3FinalAssessment.app */ = {isa = PBXFileReference; explicitFileType = wrapper.application; includeInIndex = 0; path = Unit3FinalAssessment.app; sourceTree = BUILT_PRODUCTS_DIR; };
		8165A6B21DD4D60A00B3E3A2 /* AppDelegate.swift */ = {isa = PBXFileReference; lastKnownFileType = sourcecode.swift; path = AppDelegate.swift; sourceTree = "<group>"; };
		8165A6B71DD4D60A00B3E3A2 /* Base */ = {isa = PBXFileReference; lastKnownFileType = file.storyboard; name = Base; path = Base.lproj/Main.storyboard; sourceTree = "<group>"; };
		8165A6B91DD4D60A00B3E3A2 /* Assets.xcassets */ = {isa = PBXFileReference; lastKnownFileType = folder.assetcatalog; path = Assets.xcassets; sourceTree = "<group>"; };
		8165A6BC1DD4D60A00B3E3A2 /* Base */ = {isa = PBXFileReference; lastKnownFileType = file.storyboard; name = Base; path = Base.lproj/LaunchScreen.storyboard; sourceTree = "<group>"; };
		8165A6BE1DD4D60A00B3E3A2 /* Info.plist */ = {isa = PBXFileReference; lastKnownFileType = text.plist.xml; path = Info.plist; sourceTree = "<group>"; };
		8165A6C41DD4D69F00B3E3A2 /* MuseumInfoTableViewController.swift */ = {isa = PBXFileReference; fileEncoding = 4; lastKnownFileType = sourcecode.swift; path = MuseumInfoTableViewController.swift; sourceTree = "<group>"; };
		8165A6C61DD4D6DA00B3E3A2 /* APIManager.swift */ = {isa = PBXFileReference; fileEncoding = 4; lastKnownFileType = sourcecode.swift; path = APIManager.swift; sourceTree = "<group>"; };
		8165A6C81DD4D9B400B3E3A2 /* MuseumObject.swift */ = {isa = PBXFileReference; fileEncoding = 4; lastKnownFileType = sourcecode.swift; path = MuseumObject.swift; sourceTree = "<group>"; };
		816ED6741DD4EA6C00FB3D7A /* DetailViewController.swift */ = {isa = PBXFileReference; fileEncoding = 4; lastKnownFileType = sourcecode.swift; path = DetailViewController.swift; sourceTree = "<group>"; };
		816ED6761DD4EF7500FB3D7A /* Description.swift */ = {isa = PBXFileReference; fileEncoding = 4; lastKnownFileType = sourcecode.swift; path = Description.swift; sourceTree = "<group>"; };
/* End PBXFileReference section */

/* Begin PBXFrameworksBuildPhase section */
		8165A6AC1DD4D60A00B3E3A2 /* Frameworks */ = {
			isa = PBXFrameworksBuildPhase;
			buildActionMask = 2147483647;
			files = (
			);
			runOnlyForDeploymentPostprocessing = 0;
		};
/* End PBXFrameworksBuildPhase section */

/* Begin PBXGroup section */
		8165A6A61DD4D60A00B3E3A2 = {
			isa = PBXGroup;
			children = (
				8165A6B11DD4D60A00B3E3A2 /* Unit3FinalAssessment */,
				8165A6B01DD4D60A00B3E3A2 /* Products */,
			);
			sourceTree = "<group>";
		};
		8165A6B01DD4D60A00B3E3A2 /* Products */ = {
			isa = PBXGroup;
			children = (
				8165A6AF1DD4D60A00B3E3A2 /* Unit3FinalAssessment.app */,
			);
			name = Products;
			sourceTree = "<group>";
		};
		8165A6B11DD4D60A00B3E3A2 /* Unit3FinalAssessment */ = {
			isa = PBXGroup;
			children = (
				8165A6B21DD4D60A00B3E3A2 /* AppDelegate.swift */,
				8165A6B61DD4D60A00B3E3A2 /* Main.storyboard */,
				816ED6741DD4EA6C00FB3D7A /* DetailViewController.swift */,
				816ED6761DD4EF7500FB3D7A /* Description.swift */,
				8165A6C41DD4D69F00B3E3A2 /* MuseumInfoTableViewController.swift */,
				8165A6C81DD4D9B400B3E3A2 /* MuseumObject.swift */,
				8165A6C61DD4D6DA00B3E3A2 /* APIManager.swift */,
				8165A6B91DD4D60A00B3E3A2 /* Assets.xcassets */,
				8165A6BB1DD4D60A00B3E3A2 /* LaunchScreen.storyboard */,
				8165A6BE1DD4D60A00B3E3A2 /* Info.plist */,
			);
			path = Unit3FinalAssessment;
			sourceTree = "<group>";
		};
/* End PBXGroup section */

/* Begin PBXNativeTarget section */
		8165A6AE1DD4D60A00B3E3A2 /* Unit3FinalAssessment */ = {
			isa = PBXNativeTarget;
			buildConfigurationList = 8165A6C11DD4D60A00B3E3A2 /* Build configuration list for PBXNativeTarget "Unit3FinalAssessment" */;
			buildPhases = (
				8165A6AB1DD4D60A00B3E3A2 /* Sources */,
				8165A6AC1DD4D60A00B3E3A2 /* Frameworks */,
				8165A6AD1DD4D60A00B3E3A2 /* Resources */,
			);
			buildRules = (
			);
			dependencies = (
			);
			name = Unit3FinalAssessment;
			productName = Unit3FinalAssessment;
			productReference = 8165A6AF1DD4D60A00B3E3A2 /* Unit3FinalAssessment.app */;
			productType = "com.apple.product-type.application";
		};
/* End PBXNativeTarget section */

/* Begin PBXProject section */
		8165A6A71DD4D60A00B3E3A2 /* Project object */ = {
			isa = PBXProject;
			attributes = {
				LastSwiftUpdateCheck = 0810;
				LastUpgradeCheck = 0810;
				ORGANIZATIONNAME = C4Q;
				TargetAttributes = {
					8165A6AE1DD4D60A00B3E3A2 = {
						CreatedOnToolsVersion = 8.1;
						ProvisioningStyle = Automatic;
					};
				};
			};
			buildConfigurationList = 8165A6AA1DD4D60A00B3E3A2 /* Build configuration list for PBXProject "Unit3FinalAssessment" */;
			compatibilityVersion = "Xcode 3.2";
			developmentRegion = English;
			hasScannedForEncodings = 0;
			knownRegions = (
				en,
				Base,
			);
			mainGroup = 8165A6A61DD4D60A00B3E3A2;
			productRefGroup = 8165A6B01DD4D60A00B3E3A2 /* Products */;
			projectDirPath = "";
			projectRoot = "";
			targets = (
				8165A6AE1DD4D60A00B3E3A2 /* Unit3FinalAssessment */,
			);
		};
/* End PBXProject section */

/* Begin PBXResourcesBuildPhase section */
		8165A6AD1DD4D60A00B3E3A2 /* Resources */ = {
			isa = PBXResourcesBuildPhase;
			buildActionMask = 2147483647;
			files = (
				8165A6BD1DD4D60A00B3E3A2 /* LaunchScreen.storyboard in Resources */,
				8165A6BA1DD4D60A00B3E3A2 /* Assets.xcassets in Resources */,
				8165A6B81DD4D60A00B3E3A2 /* Main.storyboard in Resources */,
			);
			runOnlyForDeploymentPostprocessing = 0;
		};
/* End PBXResourcesBuildPhase section */

/* Begin PBXSourcesBuildPhase section */
		8165A6AB1DD4D60A00B3E3A2 /* Sources */ = {
			isa = PBXSourcesBuildPhase;
			buildActionMask = 2147483647;
			files = (
				816ED6771DD4EF7500FB3D7A /* Description.swift in Sources */,
				8165A6C91DD4D9B400B3E3A2 /* MuseumObject.swift in Sources */,
				8165A6C71DD4D6DA00B3E3A2 /* APIManager.swift in Sources */,
				816ED6751DD4EA6C00FB3D7A /* DetailViewController.swift in Sources */,
				8165A6B31DD4D60A00B3E3A2 /* AppDelegate.swift in Sources */,
				8165A6C51DD4D69F00B3E3A2 /* MuseumInfoTableViewController.swift in Sources */,
			);
			runOnlyForDeploymentPostprocessing = 0;
		};
/* End PBXSourcesBuildPhase section */

/* Begin PBXVariantGroup section */
		8165A6B61DD4D60A00B3E3A2 /* Main.storyboard */ = {
			isa = PBXVariantGroup;
			children = (
				8165A6B71DD4D60A00B3E3A2 /* Base */,
			);
			name = Main.storyboard;
			sourceTree = "<group>";
		};
		8165A6BB1DD4D60A00B3E3A2 /* LaunchScreen.storyboard */ = {
			isa = PBXVariantGroup;
			children = (
				8165A6BC1DD4D60A00B3E3A2 /* Base */,
			);
			name = LaunchScreen.storyboard;
			sourceTree = "<group>";
		};
/* End PBXVariantGroup section */

/* Begin XCBuildConfiguration section */
		8165A6BF1DD4D60A00B3E3A2 /* Debug */ = {
			isa = XCBuildConfiguration;
			buildSettings = {
				ALWAYS_SEARCH_USER_PATHS = NO;
				CLANG_ANALYZER_NONNULL = YES;
				CLANG_CXX_LANGUAGE_STANDARD = "gnu++0x";
				CLANG_CXX_LIBRARY = "libc++";
				CLANG_ENABLE_MODULES = YES;
				CLANG_ENABLE_OBJC_ARC = YES;
				CLANG_WARN_BOOL_CONVERSION = YES;
				CLANG_WARN_CONSTANT_CONVERSION = YES;
				CLANG_WARN_DIRECT_OBJC_ISA_USAGE = YES_ERROR;
				CLANG_WARN_DOCUMENTATION_COMMENTS = YES;
				CLANG_WARN_EMPTY_BODY = YES;
				CLANG_WARN_ENUM_CONVERSION = YES;
				CLANG_WARN_INFINITE_RECURSION = YES;
				CLANG_WARN_INT_CONVERSION = YES;
				CLANG_WARN_OBJC_ROOT_CLASS = YES_ERROR;
				CLANG_WARN_SUSPICIOUS_MOVES = YES;
				CLANG_WARN_UNREACHABLE_CODE = YES;
				CLANG_WARN__DUPLICATE_METHOD_MATCH = YES;
				"CODE_SIGN_IDENTITY[sdk=iphoneos*]" = "iPhone Developer";
				COPY_PHASE_STRIP = NO;
				DEBUG_INFORMATION_FORMAT = dwarf;
				ENABLE_STRICT_OBJC_MSGSEND = YES;
				ENABLE_TESTABILITY = YES;
				GCC_C_LANGUAGE_STANDARD = gnu99;
				GCC_DYNAMIC_NO_PIC = NO;
				GCC_NO_COMMON_BLOCKS = YES;
				GCC_OPTIMIZATION_LEVEL = 0;
				GCC_PREPROCESSOR_DEFINITIONS = (
					"DEBUG=1",
					"$(inherited)",
				);
				GCC_WARN_64_TO_32_BIT_CONVERSION = YES;
				GCC_WARN_ABOUT_RETURN_TYPE = YES_ERROR;
				GCC_WARN_UNDECLARED_SELECTOR = YES;
				GCC_WARN_UNINITIALIZED_AUTOS = YES_AGGRESSIVE;
				GCC_WARN_UNUSED_FUNCTION = YES;
				GCC_WARN_UNUSED_VARIABLE = YES;
				IPHONEOS_DEPLOYMENT_TARGET = 10.1;
				MTL_ENABLE_DEBUG_INFO = YES;
				ONLY_ACTIVE_ARCH = YES;
				SDKROOT = iphoneos;
				SWIFT_ACTIVE_COMPILATION_CONDITIONS = DEBUG;
				SWIFT_OPTIMIZATION_LEVEL = "-Onone";
				TARGETED_DEVICE_FAMILY = "1,2";
			};
			name = Debug;
		};
		8165A6C01DD4D60A00B3E3A2 /* Release */ = {
			isa = XCBuildConfiguration;
			buildSettings = {
				ALWAYS_SEARCH_USER_PATHS = NO;
				CLANG_ANALYZER_NONNULL = YES;
				CLANG_CXX_LANGUAGE_STANDARD = "gnu++0x";
				CLANG_CXX_LIBRARY = "libc++";
				CLANG_ENABLE_MODULES = YES;
				CLANG_ENABLE_OBJC_ARC = YES;
				CLANG_WARN_BOOL_CONVERSION = YES;
				CLANG_WARN_CONSTANT_CONVERSION = YES;
				CLANG_WARN_DIRECT_OBJC_ISA_USAGE = YES_ERROR;
				CLANG_WARN_DOCUMENTATION_COMMENTS = YES;
				CLANG_WARN_EMPTY_BODY = YES;
				CLANG_WARN_ENUM_CONVERSION = YES;
				CLANG_WARN_INFINITE_RECURSION = YES;
				CLANG_WARN_INT_CONVERSION = YES;
				CLANG_WARN_OBJC_ROOT_CLASS = YES_ERROR;
				CLANG_WARN_SUSPICIOUS_MOVES = YES;
				CLANG_WARN_UNREACHABLE_CODE = YES;
				CLANG_WARN__DUPLICATE_METHOD_MATCH = YES;
				"CODE_SIGN_IDENTITY[sdk=iphoneos*]" = "iPhone Developer";
				COPY_PHASE_STRIP = NO;
				DEBUG_INFORMATION_FORMAT = "dwarf-with-dsym";
				ENABLE_NS_ASSERTIONS = NO;
				ENABLE_STRICT_OBJC_MSGSEND = YES;
				GCC_C_LANGUAGE_STANDARD = gnu99;
				GCC_NO_COMMON_BLOCKS = YES;
				GCC_WARN_64_TO_32_BIT_CONVERSION = YES;
				GCC_WARN_ABOUT_RETURN_TYPE = YES_ERROR;
				GCC_WARN_UNDECLARED_SELECTOR = YES;
				GCC_WARN_UNINITIALIZED_AUTOS = YES_AGGRESSIVE;
				GCC_WARN_UNUSED_FUNCTION = YES;
				GCC_WARN_UNUSED_VARIABLE = YES;
				IPHONEOS_DEPLOYMENT_TARGET = 10.1;
				MTL_ENABLE_DEBUG_INFO = NO;
				SDKROOT = iphoneos;
				SWIFT_OPTIMIZATION_LEVEL = "-Owholemodule";
				TARGETED_DEVICE_FAMILY = "1,2";
				VALIDATE_PRODUCT = YES;
			};
			name = Release;
		};
		8165A6C21DD4D60A00B3E3A2 /* Debug */ = {
			isa = XCBuildConfiguration;
			buildSettings = {
				ASSETCATALOG_COMPILER_APPICON_NAME = AppIcon;
				INFOPLIST_FILE = Unit3FinalAssessment/Info.plist;
				LD_RUNPATH_SEARCH_PATHS = "$(inherited) @executable_path/Frameworks";
				PRODUCT_BUNDLE_IDENTIFIER = nyc.c4q.liamkane.Unit3FinalAssessment;
				PRODUCT_NAME = "$(TARGET_NAME)";
				SWIFT_VERSION = 3.0;
			};
			name = Debug;
		};
		8165A6C31DD4D60A00B3E3A2 /* Release */ = {
			isa = XCBuildConfiguration;
			buildSettings = {
				ASSETCATALOG_COMPILER_APPICON_NAME = AppIcon;
				INFOPLIST_FILE = Unit3FinalAssessment/Info.plist;
				LD_RUNPATH_SEARCH_PATHS = "$(inherited) @executable_path/Frameworks";
				PRODUCT_BUNDLE_IDENTIFIER = nyc.c4q.liamkane.Unit3FinalAssessment;
				PRODUCT_NAME = "$(TARGET_NAME)";
				SWIFT_VERSION = 3.0;
			};
			name = Release;
		};
/* End XCBuildConfiguration section */

/* Begin XCConfigurationList section */
		8165A6AA1DD4D60A00B3E3A2 /* Build configuration list for PBXProject "Unit3FinalAssessment" */ = {
			isa = XCConfigurationList;
			buildConfigurations = (
				8165A6BF1DD4D60A00B3E3A2 /* Debug */,
				8165A6C01DD4D60A00B3E3A2 /* Release */,
			);
			defaultConfigurationIsVisible = 0;
			defaultConfigurationName = Release;
		};
		8165A6C11DD4D60A00B3E3A2 /* Build configuration list for PBXNativeTarget "Unit3FinalAssessment" */ = {
			isa = XCConfigurationList;
			buildConfigurations = (
				8165A6C21DD4D60A00B3E3A2 /* Debug */,
				8165A6C31DD4D60A00B3E3A2 /* Release */,
			);
			defaultConfigurationIsVisible = 0;
			defaultConfigurationName = Release;
		};
/* End XCConfigurationList section */
	};
	rootObject = 8165A6A71DD4D60A00B3E3A2 /* Project object */;
}
